
Microsoft Visual Studio Solution File, Format Version 12.00
# Visual Studio 14
VisualStudioVersion = 14.0.23107.0
MinimumVisualStudioVersion = 10.0.40219.1
Project("{2150E333-8FDC-42A3-9474-1A3956D46DE8}") = "src", "src", "{3848AAA0-1471-4962-ADDD-7AADEDCC3B5D}"
EndProject
Project("{2150E333-8FDC-42A3-9474-1A3956D46DE8}") = "Solution Items", "Solution Items", "{961E89B7-3FF0-46F5-A12E-264ABE5C71F0}"
	ProjectSection(SolutionItems) = preProject
		global.json = global.json
	EndProjectSection
EndProject
Project("{8BB2217D-0F2D-49D1-97BC-3654ED321F3B}") = "PolymerStartupKit", "src\PolymerStartupKit\PolymerStartupKit.xproj", "{E64E7E13-569F-4190-82AA-F40439B30DFF}"
EndProject
Global
	GlobalSection(SolutionConfigurationPlatforms) = preSolution
		Debug|Any CPU = Debug|Any CPU
		Release|Any CPU = Release|Any CPU
	EndGlobalSection
	GlobalSection(ProjectConfigurationPlatforms) = postSolution
		{E64E7E13-569F-4190-82AA-F40439B30DFF}.Debug|Any CPU.ActiveCfg = Debug|Any CPU
		{E64E7E13-569F-4190-82AA-F40439B30DFF}.Debug|Any CPU.Build.0 = Debug|Any CPU
		{E64E7E13-569F-4190-82AA-F40439B30DFF}.Release|Any CPU.ActiveCfg = Release|Any CPU
		{E64E7E13-569F-4190-82AA-F40439B30DFF}.Release|Any CPU.Build.0 = Release|Any CPU
	EndGlobalSection
	GlobalSection(SolutionProperties) = preSolution
		HideSolutionNode = FALSE
	EndGlobalSection
	GlobalSection(NestedProjects) = preSolution
		{E64E7E13-569F-4190-82AA-F40439B30DFF} = {3848AAA0-1471-4962-ADDD-7AADEDCC3B5D}
	EndGlobalSection
EndGlobal
